
Microsoft Visual Studio Solution File, Format Version 12.00
# Visual Studio 15
VisualStudioVersion = 15.0.26430.14
MinimumVisualStudioVersion = 15.0.26124.0
Project("{FAE04EC0-301F-11D3-BF4B-00C04F79EFBC}") = "ClassLibrary1", "ClassLibrary1\ClassLibrary1.csproj", "{3C4276BC-E376-46D1-A30F-F8A5111750A7}"
EndProject
Global
	GlobalSection(SolutionConfigurationPlatforms) = preSolution
		Debug|Any CPU = Debug|Any CPU
		Debug|x64 = Debug|x64
		Debug|x86 = Debug|x86
		Release|Any CPU = Release|Any CPU
		Release|x64 = Release|x64
		Release|x86 = Release|x86
	EndGlobalSection
	GlobalSection(ProjectConfigurationPlatforms) = postSolution
		{3C4276BC-E376-46D1-A30F-F8A5111750A7}.Debug|Any CPU.ActiveCfg = Debug|Any CPU
		{3C4276BC-E376-46D1-A30F-F8A5111750A7}.Debug|Any CPU.Build.0 = Debug|Any CPU
		{3C4276BC-E376-46D1-A30F-F8A5111750A7}.Debug|x64.ActiveCfg = Debug|Any CPU
		{3C4276BC-E376-46D1-A30F-F8A5111750A7}.Debug|x64.Build.0 = Debug|Any CPU
		{3C4276BC-E376-46D1-A30F-F8A5111750A7}.Debug|x86.ActiveCfg = Debug|Any CPU
		{3C4276BC-E376-46D1-A30F-F8A5111750A7}.Debug|x86.Build.0 = Debug|Any CPU
		{3C4276BC-E376-46D1-A30F-F8A5111750A7}.Release|Any CPU.ActiveCfg = Release|Any CPU
		{3C4276BC-E376-46D1-A30F-F8A5111750A7}.Release|Any CPU.Build.0 = Release|Any CPU
		{3C4276BC-E376-46D1-A30F-F8A5111750A7}.Release|x64.ActiveCfg = Release|Any CPU
		{3C4276BC-E376-46D1-A30F-F8A5111750A7}.Release|x64.Build.0 = Release|Any CPU
		{3C4276BC-E376-46D1-A30F-F8A5111750A7}.Release|x86.ActiveCfg = Release|Any CPU
		{3C4276BC-E376-46D1-A30F-F8A5111750A7}.Release|x86.Build.0 = Release|Any CPU
	EndGlobalSection
	GlobalSection(SolutionProperties) = preSolution
		HideSolutionNode = FALSE
	EndGlobalSection
EndGlobal
