
Microsoft Visual Studio Solution File, Format Version 12.00
# Visual Studio 15
VisualStudioVersion = 15.0.27004.2008
MinimumVisualStudioVersion = 10.0.40219.1
Project("{2150E333-8FDC-42A3-9474-1A3956D46DE8}") = "Settings", "Settings", "{245DF798-D359-4B9F-BCEE-EC57004B95A3}"
	ProjectSection(SolutionItems) = preProject
		Diag.runsettings = Diag.runsettings
	EndProjectSection
EndProject
Project("{FAE04EC0-301F-11D3-BF4B-00C04F79EFBC}") = "Issue-419", "Issue-419\Issue-419.csproj", "{F1F5959C-835C-433C-A718-0C535742801F}"
EndProject
Global
	GlobalSection(SolutionConfigurationPlatforms) = preSolution
		Debug|Any CPU = Debug|Any CPU
		Release|Any CPU = Release|Any CPU
	EndGlobalSection
	GlobalSection(ProjectConfigurationPlatforms) = postSolution
		{F1F5959C-835C-433C-A718-0C535742801F}.Debug|Any CPU.ActiveCfg = Debug|Any CPU
		{F1F5959C-835C-433C-A718-0C535742801F}.Debug|Any CPU.Build.0 = Debug|Any CPU
		{F1F5959C-835C-433C-A718-0C535742801F}.Release|Any CPU.ActiveCfg = Release|Any CPU
		{F1F5959C-835C-433C-A718-0C535742801F}.Release|Any CPU.Build.0 = Release|Any CPU
	EndGlobalSection
	GlobalSection(SolutionProperties) = preSolution
		HideSolutionNode = FALSE
	EndGlobalSection
	GlobalSection(ExtensibilityGlobals) = postSolution
		SolutionGuid = {CAF87B7D-F3D4-4741-9FA7-667E88543A86}
	EndGlobalSection
EndGlobal
